
Microsoft Visual Studio Solution File, Format Version 12.00
# Visual Studio Version 17
VisualStudioVersion = 17.0.31825.309
MinimumVisualStudioVersion = 10.0.40219.1
Project("{9A19103F-16F7-4668-BE54-9A1E7A4F7556}") = "EFCAT", "EFCAT\EFCAT.csproj", "{8F9A87DD-35D3-4A10-9BC0-979D8D83E2FE}"
EndProject
Project("{9A19103F-16F7-4668-BE54-9A1E7A4F7556}") = "EFCAT.Model", "EFCAT.Model\EFCAT.Model.csproj", "{F8A0E1CE-197E-4AC3-A9DB-49829DDD3A8D}"
EndProject
Project("{9A19103F-16F7-4668-BE54-9A1E7A4F7556}") = "EFCAT.Domain", "EFCAT.Domain\EFCAT.Domain.csproj", "{C95157A4-7F74-4BB9-86C6-8D8828760EC4}"
EndProject
Project("{9A19103F-16F7-4668-BE54-9A1E7A4F7556}") = "EFCAT.Service", "EFCAT.Service\EFCAT.Service.csproj", "{4FEF2382-EBCD-4423-839B-6724BEAEB1D7}"
EndProject
Project("{9A19103F-16F7-4668-BE54-9A1E7A4F7556}") = "EFCAT.Model.Data", "EFCAT.Model.Data\EFCAT.Model.Data.csproj", "{5BF4BCFC-60BB-445E-8DDF-D084E9E05FF1}"
EndProject
Project("{9A19103F-16F7-4668-BE54-9A1E7A4F7556}") = "EFCAT.Service.Component", "EFCAT.Service.Component\EFCAT.Service.Component.csproj", "{C58C368B-90F6-485C-89B4-E8D206C6169E}"
EndProject
Project("{9A19103F-16F7-4668-BE54-9A1E7A4F7556}") = "EFCAT.Service.Controller", "EFCAT.Service.Controller\EFCAT.Service.Controller.csproj", "{EEB62023-0737-4479-BC4E-6A4B3FBE53ED}"
EndProject
Project("{9A19103F-16F7-4668-BE54-9A1E7A4F7556}") = "EFCAT.Service.Storage", "EFCAT.Service.Storage\EFCAT.Service.Storage.csproj", "{2E446655-EF7F-46E9-8705-0AC7F7930EFC}"
EndProject
Project("{9A19103F-16F7-4668-BE54-9A1E7A4F7556}") = "EFCAT.Service.Authentication", "EFCAT.Service.Authentication\EFCAT.Service.Authentication.csproj", "{FF3C988A-692C-465A-852B-618D34B6AD78}"
EndProject
Project("{9A19103F-16F7-4668-BE54-9A1E7A4F7556}") = "Sample.Model", "Sample\Sample.Model\Sample.Model.csproj", "{9EED8D4C-A839-495D-825D-432200D3D051}"
EndProject
Project("{2150E333-8FDC-42A3-9474-1A3956D46DE8}") = "Sample", "Sample", "{6C29065A-8D04-4AD7-B4B0-BF25F4E99D38}"
EndProject
Project("{9A19103F-16F7-4668-BE54-9A1E7A4F7556}") = "Sample.Domain", "Sample\Sample.Domain\Sample.Domain.csproj", "{88F9FA49-15A9-4616-ABE9-4DA2D5B6FF9A}"
EndProject
Project("{9A19103F-16F7-4668-BE54-9A1E7A4F7556}") = "Sample.WebApi", "Sample\Sample.WebApi\Sample.WebApi.csproj", "{59B7CAB4-4DEC-43A4-98C2-3A1BCA5E2CE6}"
EndProject
Project("{9A19103F-16F7-4668-BE54-9A1E7A4F7556}") = "Sample.Server", "Sample\Sample.Server\Sample.Server.csproj", "{653F7CCA-B75F-409B-871D-3642B7324A8B}"
EndProject
Project("{9A19103F-16F7-4668-BE54-9A1E7A4F7556}") = "Sample.UI", "Sample\Sample.UI\Sample.UI.csproj", "{8FF11AB3-EA6F-44D4-BFA2-6D257CD8F38E}"
EndProject
Global
	GlobalSection(SolutionConfigurationPlatforms) = preSolution
		Debug|Any CPU = Debug|Any CPU
		Release|Any CPU = Release|Any CPU
	EndGlobalSection
	GlobalSection(ProjectConfigurationPlatforms) = postSolution
		{8F9A87DD-35D3-4A10-9BC0-979D8D83E2FE}.Debug|Any CPU.ActiveCfg = Debug|Any CPU
		{8F9A87DD-35D3-4A10-9BC0-979D8D83E2FE}.Debug|Any CPU.Build.0 = Debug|Any CPU
		{8F9A87DD-35D3-4A10-9BC0-979D8D83E2FE}.Release|Any CPU.ActiveCfg = Release|Any CPU
		{8F9A87DD-35D3-4A10-9BC0-979D8D83E2FE}.Release|Any CPU.Build.0 = Release|Any CPU
		{F8A0E1CE-197E-4AC3-A9DB-49829DDD3A8D}.Debug|Any CPU.ActiveCfg = Debug|Any CPU
		{F8A0E1CE-197E-4AC3-A9DB-49829DDD3A8D}.Debug|Any CPU.Build.0 = Debug|Any CPU
		{F8A0E1CE-197E-4AC3-A9DB-49829DDD3A8D}.Release|Any CPU.ActiveCfg = Release|Any CPU
		{F8A0E1CE-197E-4AC3-A9DB-49829DDD3A8D}.Release|Any CPU.Build.0 = Release|Any CPU
		{C95157A4-7F74-4BB9-86C6-8D8828760EC4}.Debug|Any CPU.ActiveCfg = Debug|Any CPU
		{C95157A4-7F74-4BB9-86C6-8D8828760EC4}.Debug|Any CPU.Build.0 = Debug|Any CPU
		{C95157A4-7F74-4BB9-86C6-8D8828760EC4}.Release|Any CPU.ActiveCfg = Release|Any CPU
		{C95157A4-7F74-4BB9-86C6-8D8828760EC4}.Release|Any CPU.Build.0 = Release|Any CPU
		{4FEF2382-EBCD-4423-839B-6724BEAEB1D7}.Debug|Any CPU.ActiveCfg = Debug|Any CPU
		{4FEF2382-EBCD-4423-839B-6724BEAEB1D7}.Debug|Any CPU.Build.0 = Debug|Any CPU
		{4FEF2382-EBCD-4423-839B-6724BEAEB1D7}.Release|Any CPU.ActiveCfg = Release|Any CPU
		{4FEF2382-EBCD-4423-839B-6724BEAEB1D7}.Release|Any CPU.Build.0 = Release|Any CPU
		{5BF4BCFC-60BB-445E-8DDF-D084E9E05FF1}.Debug|Any CPU.ActiveCfg = Debug|Any CPU
		{5BF4BCFC-60BB-445E-8DDF-D084E9E05FF1}.Debug|Any CPU.Build.0 = Debug|Any CPU
		{5BF4BCFC-60BB-445E-8DDF-D084E9E05FF1}.Release|Any CPU.ActiveCfg = Release|Any CPU
		{5BF4BCFC-60BB-445E-8DDF-D084E9E05FF1}.Release|Any CPU.Build.0 = Release|Any CPU
		{C58C368B-90F6-485C-89B4-E8D206C6169E}.Debug|Any CPU.ActiveCfg = Debug|Any CPU
		{C58C368B-90F6-485C-89B4-E8D206C6169E}.Debug|Any CPU.Build.0 = Debug|Any CPU
		{C58C368B-90F6-485C-89B4-E8D206C6169E}.Release|Any CPU.ActiveCfg = Release|Any CPU
		{C58C368B-90F6-485C-89B4-E8D206C6169E}.Release|Any CPU.Build.0 = Release|Any CPU
		{EEB62023-0737-4479-BC4E-6A4B3FBE53ED}.Debug|Any CPU.ActiveCfg = Debug|Any CPU
		{EEB62023-0737-4479-BC4E-6A4B3FBE53ED}.Debug|Any CPU.Build.0 = Debug|Any CPU
		{EEB62023-0737-4479-BC4E-6A4B3FBE53ED}.Release|Any CPU.ActiveCfg = Release|Any CPU
		{EEB62023-0737-4479-BC4E-6A4B3FBE53ED}.Release|Any CPU.Build.0 = Release|Any CPU
		{2E446655-EF7F-46E9-8705-0AC7F7930EFC}.Debug|Any CPU.ActiveCfg = Debug|Any CPU
		{2E446655-EF7F-46E9-8705-0AC7F7930EFC}.Debug|Any CPU.Build.0 = Debug|Any CPU
		{2E446655-EF7F-46E9-8705-0AC7F7930EFC}.Release|Any CPU.ActiveCfg = Release|Any CPU
		{2E446655-EF7F-46E9-8705-0AC7F7930EFC}.Release|Any CPU.Build.0 = Release|Any CPU
		{FF3C988A-692C-465A-852B-618D34B6AD78}.Debug|Any CPU.ActiveCfg = Debug|Any CPU
		{FF3C988A-692C-465A-852B-618D34B6AD78}.Debug|Any CPU.Build.0 = Debug|Any CPU
		{FF3C988A-692C-465A-852B-618D34B6AD78}.Release|Any CPU.ActiveCfg = Release|Any CPU
		{FF3C988A-692C-465A-852B-618D34B6AD78}.Release|Any CPU.Build.0 = Release|Any CPU
		{9EED8D4C-A839-495D-825D-432200D3D051}.Debug|Any CPU.ActiveCfg = Debug|Any CPU
		{9EED8D4C-A839-495D-825D-432200D3D051}.Debug|Any CPU.Build.0 = Debug|Any CPU
		{9EED8D4C-A839-495D-825D-432200D3D051}.Release|Any CPU.ActiveCfg = Release|Any CPU
		{9EED8D4C-A839-495D-825D-432200D3D051}.Release|Any CPU.Build.0 = Release|Any CPU
		{88F9FA49-15A9-4616-ABE9-4DA2D5B6FF9A}.Debug|Any CPU.ActiveCfg = Debug|Any CPU
		{88F9FA49-15A9-4616-ABE9-4DA2D5B6FF9A}.Debug|Any CPU.Build.0 = Debug|Any CPU
		{88F9FA49-15A9-4616-ABE9-4DA2D5B6FF9A}.Release|Any CPU.ActiveCfg = Release|Any CPU
		{88F9FA49-15A9-4616-ABE9-4DA2D5B6FF9A}.Release|Any CPU.Build.0 = Release|Any CPU
		{59B7CAB4-4DEC-43A4-98C2-3A1BCA5E2CE6}.Debug|Any CPU.ActiveCfg = Debug|Any CPU
		{59B7CAB4-4DEC-43A4-98C2-3A1BCA5E2CE6}.Debug|Any CPU.Build.0 = Debug|Any CPU
		{59B7CAB4-4DEC-43A4-98C2-3A1BCA5E2CE6}.Release|Any CPU.ActiveCfg = Release|Any CPU
		{59B7CAB4-4DEC-43A4-98C2-3A1BCA5E2CE6}.Release|Any CPU.Build.0 = Release|Any CPU
		{653F7CCA-B75F-409B-871D-3642B7324A8B}.Debug|Any CPU.ActiveCfg = Debug|Any CPU
		{653F7CCA-B75F-409B-871D-3642B7324A8B}.Debug|Any CPU.Build.0 = Debug|Any CPU
		{653F7CCA-B75F-409B-871D-3642B7324A8B}.Release|Any CPU.ActiveCfg = Release|Any CPU
		{653F7CCA-B75F-409B-871D-3642B7324A8B}.Release|Any CPU.Build.0 = Release|Any CPU
		{8FF11AB3-EA6F-44D4-BFA2-6D257CD8F38E}.Debug|Any CPU.ActiveCfg = Debug|Any CPU
		{8FF11AB3-EA6F-44D4-BFA2-6D257CD8F38E}.Debug|Any CPU.Build.0 = Debug|Any CPU
		{8FF11AB3-EA6F-44D4-BFA2-6D257CD8F38E}.Release|Any CPU.ActiveCfg = Release|Any CPU
		{8FF11AB3-EA6F-44D4-BFA2-6D257CD8F38E}.Release|Any CPU.Build.0 = Release|Any CPU
	EndGlobalSection
	GlobalSection(SolutionProperties) = preSolution
		HideSolutionNode = FALSE
	EndGlobalSection
	GlobalSection(NestedProjects) = preSolution
		{9EED8D4C-A839-495D-825D-432200D3D051} = {6C29065A-8D04-4AD7-B4B0-BF25F4E99D38}
		{88F9FA49-15A9-4616-ABE9-4DA2D5B6FF9A} = {6C29065A-8D04-4AD7-B4B0-BF25F4E99D38}
		{59B7CAB4-4DEC-43A4-98C2-3A1BCA5E2CE6} = {6C29065A-8D04-4AD7-B4B0-BF25F4E99D38}
		{653F7CCA-B75F-409B-871D-3642B7324A8B} = {6C29065A-8D04-4AD7-B4B0-BF25F4E99D38}
		{8FF11AB3-EA6F-44D4-BFA2-6D257CD8F38E} = {6C29065A-8D04-4AD7-B4B0-BF25F4E99D38}
	EndGlobalSection
	GlobalSection(ExtensibilityGlobals) = postSolution
		SolutionGuid = {2C3BE525-F932-45F1-9871-4DD98946CE05}
	EndGlobalSection
EndGlobal
