
Microsoft Visual Studio Solution File, Format Version 12.00
# Visual Studio Version 17
VisualStudioVersion = 17.0.31825.309
MinimumVisualStudioVersion = 10.0.40219.1
Project("{9A19103F-16F7-4668-BE54-9A1E7A4F7556}") = "EFCAT", "EFCAT\EFCAT.csproj", "{8F9A87DD-35D3-4A10-9BC0-979D8D83E2FE}"
EndProject
Project("{9A19103F-16F7-4668-BE54-9A1E7A4F7556}") = "EFCAT.Model", "EFCAT.Model\EFCAT.Model.csproj", "{F8A0E1CE-197E-4AC3-A9DB-49829DDD3A8D}"
EndProject
Project("{9A19103F-16F7-4668-BE54-9A1E7A4F7556}") = "EFCAT.Domain", "EFCAT.Domain\EFCAT.Domain.csproj", "{C95157A4-7F74-4BB9-86C6-8D8828760EC4}"
EndProject
Project("{9A19103F-16F7-4668-BE54-9A1E7A4F7556}") = "EFCAT.Service", "EFCAT.Service\EFCAT.Service.csproj", "{4FEF2382-EBCD-4423-839B-6724BEAEB1D7}"
EndProject
Project("{9A19103F-16F7-4668-BE54-9A1E7A4F7556}") = "EFCAT.Model.Data", "EFCAT.Model.Data\EFCAT.Model.Data.csproj", "{5BF4BCFC-60BB-445E-8DDF-D084E9E05FF1}"
EndProject
Project("{2150E333-8FDC-42A3-9474-1A3956D46DE8}") = "Sample", "Sample", "{B78A5825-01E0-4409-B159-AF87EF3B8B8D}"
EndProject
Project("{9A19103F-16F7-4668-BE54-9A1E7A4F7556}") = "Sample.Server", "Sample.Server\Sample.Server.csproj", "{1AE3C0A9-27A2-4884-8849-5562474BA54F}"
EndProject
Project("{9A19103F-16F7-4668-BE54-9A1E7A4F7556}") = "Sample.WebApi", "Sample.WebApi\Sample.WebApi.csproj", "{D717E8B5-ADF5-4103-92AD-E962B1FE2102}"
EndProject
Project("{9A19103F-16F7-4668-BE54-9A1E7A4F7556}") = "Sample.Model", "Sample.Model\Sample.Model.csproj", "{EB027E77-B350-4941-B604-91FE6EE9B2C4}"
EndProject
Project("{9A19103F-16F7-4668-BE54-9A1E7A4F7556}") = "Sample.Domain", "Sample.Domain\Sample.Domain.csproj", "{C8AE978B-05F1-4FB3-B3CF-FBA32C3AF9B9}"
EndProject
Project("{FAE04EC0-301F-11D3-BF4B-00C04F79EFBC}") = "EFCAT.Service.Component", "EFCAT.Service.Component\EFCAT.Service.Component.csproj", "{C58C368B-90F6-485C-89B4-E8D206C6169E}"
EndProject
Global
	GlobalSection(SolutionConfigurationPlatforms) = preSolution
		Debug|Any CPU = Debug|Any CPU
		Release|Any CPU = Release|Any CPU
	EndGlobalSection
	GlobalSection(ProjectConfigurationPlatforms) = postSolution
		{8F9A87DD-35D3-4A10-9BC0-979D8D83E2FE}.Debug|Any CPU.ActiveCfg = Debug|Any CPU
		{8F9A87DD-35D3-4A10-9BC0-979D8D83E2FE}.Debug|Any CPU.Build.0 = Debug|Any CPU
		{8F9A87DD-35D3-4A10-9BC0-979D8D83E2FE}.Release|Any CPU.ActiveCfg = Release|Any CPU
		{8F9A87DD-35D3-4A10-9BC0-979D8D83E2FE}.Release|Any CPU.Build.0 = Release|Any CPU
		{F8A0E1CE-197E-4AC3-A9DB-49829DDD3A8D}.Debug|Any CPU.ActiveCfg = Debug|Any CPU
		{F8A0E1CE-197E-4AC3-A9DB-49829DDD3A8D}.Debug|Any CPU.Build.0 = Debug|Any CPU
		{F8A0E1CE-197E-4AC3-A9DB-49829DDD3A8D}.Release|Any CPU.ActiveCfg = Release|Any CPU
		{F8A0E1CE-197E-4AC3-A9DB-49829DDD3A8D}.Release|Any CPU.Build.0 = Release|Any CPU
		{C95157A4-7F74-4BB9-86C6-8D8828760EC4}.Debug|Any CPU.ActiveCfg = Debug|Any CPU
		{C95157A4-7F74-4BB9-86C6-8D8828760EC4}.Debug|Any CPU.Build.0 = Debug|Any CPU
		{C95157A4-7F74-4BB9-86C6-8D8828760EC4}.Release|Any CPU.ActiveCfg = Release|Any CPU
		{C95157A4-7F74-4BB9-86C6-8D8828760EC4}.Release|Any CPU.Build.0 = Release|Any CPU
		{4FEF2382-EBCD-4423-839B-6724BEAEB1D7}.Debug|Any CPU.ActiveCfg = Debug|Any CPU
		{4FEF2382-EBCD-4423-839B-6724BEAEB1D7}.Debug|Any CPU.Build.0 = Debug|Any CPU
		{4FEF2382-EBCD-4423-839B-6724BEAEB1D7}.Release|Any CPU.ActiveCfg = Release|Any CPU
		{4FEF2382-EBCD-4423-839B-6724BEAEB1D7}.Release|Any CPU.Build.0 = Release|Any CPU
		{5BF4BCFC-60BB-445E-8DDF-D084E9E05FF1}.Debug|Any CPU.ActiveCfg = Debug|Any CPU
		{5BF4BCFC-60BB-445E-8DDF-D084E9E05FF1}.Debug|Any CPU.Build.0 = Debug|Any CPU
		{5BF4BCFC-60BB-445E-8DDF-D084E9E05FF1}.Release|Any CPU.ActiveCfg = Release|Any CPU
		{5BF4BCFC-60BB-445E-8DDF-D084E9E05FF1}.Release|Any CPU.Build.0 = Release|Any CPU
		{1AE3C0A9-27A2-4884-8849-5562474BA54F}.Debug|Any CPU.ActiveCfg = Debug|Any CPU
		{1AE3C0A9-27A2-4884-8849-5562474BA54F}.Debug|Any CPU.Build.0 = Debug|Any CPU
		{1AE3C0A9-27A2-4884-8849-5562474BA54F}.Release|Any CPU.ActiveCfg = Release|Any CPU
		{1AE3C0A9-27A2-4884-8849-5562474BA54F}.Release|Any CPU.Build.0 = Release|Any CPU
		{D717E8B5-ADF5-4103-92AD-E962B1FE2102}.Debug|Any CPU.ActiveCfg = Debug|Any CPU
		{D717E8B5-ADF5-4103-92AD-E962B1FE2102}.Debug|Any CPU.Build.0 = Debug|Any CPU
		{D717E8B5-ADF5-4103-92AD-E962B1FE2102}.Release|Any CPU.ActiveCfg = Release|Any CPU
		{D717E8B5-ADF5-4103-92AD-E962B1FE2102}.Release|Any CPU.Build.0 = Release|Any CPU
		{EB027E77-B350-4941-B604-91FE6EE9B2C4}.Debug|Any CPU.ActiveCfg = Debug|Any CPU
		{EB027E77-B350-4941-B604-91FE6EE9B2C4}.Debug|Any CPU.Build.0 = Debug|Any CPU
		{EB027E77-B350-4941-B604-91FE6EE9B2C4}.Release|Any CPU.ActiveCfg = Release|Any CPU
		{EB027E77-B350-4941-B604-91FE6EE9B2C4}.Release|Any CPU.Build.0 = Release|Any CPU
		{C8AE978B-05F1-4FB3-B3CF-FBA32C3AF9B9}.Debug|Any CPU.ActiveCfg = Debug|Any CPU
		{C8AE978B-05F1-4FB3-B3CF-FBA32C3AF9B9}.Debug|Any CPU.Build.0 = Debug|Any CPU
		{C8AE978B-05F1-4FB3-B3CF-FBA32C3AF9B9}.Release|Any CPU.ActiveCfg = Release|Any CPU
		{C8AE978B-05F1-4FB3-B3CF-FBA32C3AF9B9}.Release|Any CPU.Build.0 = Release|Any CPU
		{C58C368B-90F6-485C-89B4-E8D206C6169E}.Debug|Any CPU.ActiveCfg = Debug|Any CPU
		{C58C368B-90F6-485C-89B4-E8D206C6169E}.Debug|Any CPU.Build.0 = Debug|Any CPU
		{C58C368B-90F6-485C-89B4-E8D206C6169E}.Release|Any CPU.ActiveCfg = Release|Any CPU
		{C58C368B-90F6-485C-89B4-E8D206C6169E}.Release|Any CPU.Build.0 = Release|Any CPU
	EndGlobalSection
	GlobalSection(SolutionProperties) = preSolution
		HideSolutionNode = FALSE
	EndGlobalSection
	GlobalSection(NestedProjects) = preSolution
		{1AE3C0A9-27A2-4884-8849-5562474BA54F} = {B78A5825-01E0-4409-B159-AF87EF3B8B8D}
		{D717E8B5-ADF5-4103-92AD-E962B1FE2102} = {B78A5825-01E0-4409-B159-AF87EF3B8B8D}
		{EB027E77-B350-4941-B604-91FE6EE9B2C4} = {B78A5825-01E0-4409-B159-AF87EF3B8B8D}
		{C8AE978B-05F1-4FB3-B3CF-FBA32C3AF9B9} = {B78A5825-01E0-4409-B159-AF87EF3B8B8D}
	EndGlobalSection
	GlobalSection(ExtensibilityGlobals) = postSolution
		SolutionGuid = {2C3BE525-F932-45F1-9871-4DD98946CE05}
	EndGlobalSection
EndGlobal
